schema: '2.0'
stages:
  data_ingestion:
    cmd: python src/cnnClassifier/pipeline/stage_01_data_ingestion.py
    deps:
    - path: config/config.yaml
      hash: md5
      md5: 5e2b3091e991e7d626cf3f29ca2d5dde
      size: 819
    - path: src/cnnClassifier/pipeline/stage_01_data_ingestion.py
      hash: md5
      md5: 7b28365d1fbf24012e6db0c653f66187
      size: 908
    outs:
    - path: artifacts/data_ingestion/Chicken-fecal-images
      hash: md5
      md5: 9e1f8dd2eae3c29e9d635df89d438ae4.dir
      size: 12207807
      nfiles: 390
  prepare_base_model:
    cmd: python src/cnnClassifier/pipeline/stage_02_prepare_base_model.py
    deps:
    - path: config/config.yaml
      hash: md5
      md5: 5e2b3091e991e7d626cf3f29ca2d5dde
      size: 819
    - path: src/cnnClassifier/pipeline/stage_02_prepare_base_model.py
      hash: md5
      md5: dd6f32a04e70093fcc4073cb138cdef2
      size: 997
    params:
      params.yaml:
        CLASSES: 2
        IMAGE_SIZE:
        - 224
        - 224
        - 3
        INCLUDE_TOP: false
        LEARNING_RATE: 0.01
        WEIGHTS: imagenet
    outs:
    - path: artifacts/prepare_base_model
      hash: md5
      md5: 3b62abeaa7cd8571cd390cbdf7316a76.dir
      size: 118073464
      nfiles: 2
  training:
    cmd: python src/cnnClassifier/pipeline/stage_03_training.py
    deps:
    - path: artifacts/data_ingestion/Chicken-fecal-images
      hash: md5
      md5: 9e1f8dd2eae3c29e9d635df89d438ae4.dir
      size: 12207807
      nfiles: 390
    - path: artifacts/prepare_base_model
      hash: md5
      md5: 3b62abeaa7cd8571cd390cbdf7316a76.dir
      size: 118073464
      nfiles: 2
    - path: config/config.yaml
      hash: md5
      md5: 5e2b3091e991e7d626cf3f29ca2d5dde
      size: 819
    - path: src/cnnClassifier/components/prepare_callbacks.py
      hash: md5
      md5: 01dd9b100d90de117c97dcaaef1febe0
      size: 1007
    - path: src/cnnClassifier/pipeline/stage_03_training.py
      hash: md5
      md5: 0250a0ea3b2d2c67b9ece315daedbce4
      size: 1258
    params:
      params.yaml:
        AUGMENTATION: true
        BATCH_SIZE: 16
        EPOCHS: 1
        IMAGE_SIZE:
        - 224
        - 224
        - 3
    outs:
    - path: artifacts/training/model.h5.keras
      hash: md5
      md5: 563650a25b6d3f308653165ca6706d7d
      size: 59543570
  evaluation:
    cmd: python src/cnnClassifier/pipeline/stage_04_evaluation.py
    deps:
    - path: artifacts/data_ingestion/Chicken-fecal-images
      hash: md5
      md5: 9e1f8dd2eae3c29e9d635df89d438ae4.dir
      size: 12207807
      nfiles: 390
    - path: artifacts/training/model.h5.keras
      hash: md5
      md5: 563650a25b6d3f308653165ca6706d7d
      size: 59543570
    - path: config/config.yaml
      hash: md5
      md5: 5e2b3091e991e7d626cf3f29ca2d5dde
      size: 819
    - path: src/cnnClassifier/pipeline/stage_04_evaluation.py
      hash: md5
      md5: 1032db26195ea6626c02093870c7d0bc
      size: 879
    params:
      params.yaml:
        BATCH_SIZE: 16
        IMAGE_SIZE:
        - 224
        - 224
        - 3
    outs:
    - path: scores.json
      hash: md5
      md5: 18b9e76136552d88041c07033fb3d373
      size: 72
